{
  "name": "release-factory-opencode-runtime",
  "version": "1.18.30",
  "lockfileVersion": 3,
  "requires": true,
  "packages": {
    "": {
      "name": "release-factory-opencode-runtime",
      "version": "1.18.30",
      "optionalDependencies": {
        "opencode-linux-arm64": "1.18.30",
        "opencode-linux-x64-baseline": "1.18.30"
      }
    },
    "node_modules/opencode-linux-arm64": {
      "version": "1.18.30",
      "resolved": "https://registry.npmjs.org/opencode-linux-arm64/-/opencode-linux-arm64-1.18.30.tgz",
      "integrity": "sha512-KU2VO9oGRhV3M9LCYJXeBBtadIIgJYf620KMHFeghrGL0967Zz7PAcMBFZqTy7gUqNEnMaqOqAkSGx57BIw41Q==",
      "cpu": [
        "arm64"
      ],
      "optional": true,
      "os": [
        "linux"
      ]
    },
    "node_modules/opencode-linux-x64-baseline": {
      "version": "1.18.30",
      "resolved": "https://registry.npmjs.org/opencode-linux-x64-baseline/-/opencode-linux-x64-baseline-1.18.30.tgz",
      "integrity": "sha512-//sHZuMaNZXo6fzBtgUI5vf1oXiMX9Un2a2R3AUzajRahuW42+98wg9J33uuICblE3RS6G4HxobrvnWA8mr4VA==",
      "cpu": [
        "x64"
      ],
      "optional": true,
      "os": [
        "linux"
      ]
    }
  }
}
